
Microsoft Visual Studio Solution File, Format Version 12.00
# Visual Studio Version 16
VisualStudioVersion = 16.0.31410.357
MinimumVisualStudioVersion = 10.0.40219.1
Project("{9A19103F-16F7-4668-BE54-9A1E7A4F7556}") = "RabbitChat.Api", "src\RabbitChat.Api\RabbitChat.Api.csproj", "{206143BC-AA0B-43C3-B3EE-01B132ABAC1C}"
EndProject
Project("{E53339B2-1760-4266-BCC7-CA923CBCF16C}") = "docker-compose", "docker-compose.dcproj", "{A4B01A4B-15A8-4C82-8A2A-F8B2A6FD3A91}"
EndProject
Project("{9A19103F-16F7-4668-BE54-9A1E7A4F7556}") = "RabbitChat.Infra.AmqpAdapters", "src\RabbitChat.Infra.AmqpAdapters\RabbitChat.Infra.AmqpAdapters.csproj", "{232E673B-0046-436E-BDE5-59389743B99D}"
EndProject
Project("{9A19103F-16F7-4668-BE54-9A1E7A4F7556}") = "RabbitChat.Application", "src\RabbitChat.Application\RabbitChat.Application.csproj", "{DADC51C3-CE59-4891-BFA2-3BCAB82DF750}"
EndProject
Project("{2150E333-8FDC-42A3-9474-1A3956D46DE8}") = "WebApp", "WebApp", "{029BEA0A-FDDC-4DF9-85C1-9A4F05E18278}"
EndProject
Project("{2150E333-8FDC-42A3-9474-1A3956D46DE8}") = "Consummer", "Consummer", "{D4EBC52F-9235-4366-B659-CE6383DB5462}"
EndProject
Project("{2150E333-8FDC-42A3-9474-1A3956D46DE8}") = "Application", "Application", "{65D9B370-1FFC-4A95-A46B-525A0989F9EB}"
EndProject
Project("{9A19103F-16F7-4668-BE54-9A1E7A4F7556}") = "RabbitChat.ConsumerSendMessage", "src\RabbitChat.ConsumerSendMessage\RabbitChat.ConsumerSendMessage.csproj", "{803035AA-73E1-480C-AB6A-91E88CE94FB2}"
EndProject
Project("{2150E333-8FDC-42A3-9474-1A3956D46DE8}") = "Shared", "Shared", "{75A004BB-5374-4BEE-9722-C54B6C67775A}"
EndProject
Project("{9A19103F-16F7-4668-BE54-9A1E7A4F7556}") = "RabbitChat.Shared", "src\RabbitChat.Shared\RabbitChat.Shared.csproj", "{9238CA58-7747-4FBF-9993-1AF94071FD6D}"
EndProject
Global
	GlobalSection(SolutionConfigurationPlatforms) = preSolution
		Debug|Any CPU = Debug|Any CPU
		Release|Any CPU = Release|Any CPU
	EndGlobalSection
	GlobalSection(ProjectConfigurationPlatforms) = postSolution
		{206143BC-AA0B-43C3-B3EE-01B132ABAC1C}.Debug|Any CPU.ActiveCfg = Debug|Any CPU
		{206143BC-AA0B-43C3-B3EE-01B132ABAC1C}.Debug|Any CPU.Build.0 = Debug|Any CPU
		{206143BC-AA0B-43C3-B3EE-01B132ABAC1C}.Release|Any CPU.ActiveCfg = Release|Any CPU
		{206143BC-AA0B-43C3-B3EE-01B132ABAC1C}.Release|Any CPU.Build.0 = Release|Any CPU
		{A4B01A4B-15A8-4C82-8A2A-F8B2A6FD3A91}.Debug|Any CPU.ActiveCfg = Debug|Any CPU
		{A4B01A4B-15A8-4C82-8A2A-F8B2A6FD3A91}.Debug|Any CPU.Build.0 = Debug|Any CPU
		{A4B01A4B-15A8-4C82-8A2A-F8B2A6FD3A91}.Release|Any CPU.ActiveCfg = Release|Any CPU
		{A4B01A4B-15A8-4C82-8A2A-F8B2A6FD3A91}.Release|Any CPU.Build.0 = Release|Any CPU
		{232E673B-0046-436E-BDE5-59389743B99D}.Debug|Any CPU.ActiveCfg = Debug|Any CPU
		{232E673B-0046-436E-BDE5-59389743B99D}.Debug|Any CPU.Build.0 = Debug|Any CPU
		{232E673B-0046-436E-BDE5-59389743B99D}.Release|Any CPU.ActiveCfg = Release|Any CPU
		{232E673B-0046-436E-BDE5-59389743B99D}.Release|Any CPU.Build.0 = Release|Any CPU
		{DADC51C3-CE59-4891-BFA2-3BCAB82DF750}.Debug|Any CPU.ActiveCfg = Debug|Any CPU
		{DADC51C3-CE59-4891-BFA2-3BCAB82DF750}.Debug|Any CPU.Build.0 = Debug|Any CPU
		{DADC51C3-CE59-4891-BFA2-3BCAB82DF750}.Release|Any CPU.ActiveCfg = Release|Any CPU
		{DADC51C3-CE59-4891-BFA2-3BCAB82DF750}.Release|Any CPU.Build.0 = Release|Any CPU
		{803035AA-73E1-480C-AB6A-91E88CE94FB2}.Debug|Any CPU.ActiveCfg = Debug|Any CPU
		{803035AA-73E1-480C-AB6A-91E88CE94FB2}.Debug|Any CPU.Build.0 = Debug|Any CPU
		{803035AA-73E1-480C-AB6A-91E88CE94FB2}.Release|Any CPU.ActiveCfg = Release|Any CPU
		{803035AA-73E1-480C-AB6A-91E88CE94FB2}.Release|Any CPU.Build.0 = Release|Any CPU
		{9238CA58-7747-4FBF-9993-1AF94071FD6D}.Debug|Any CPU.ActiveCfg = Debug|Any CPU
		{9238CA58-7747-4FBF-9993-1AF94071FD6D}.Debug|Any CPU.Build.0 = Debug|Any CPU
		{9238CA58-7747-4FBF-9993-1AF94071FD6D}.Release|Any CPU.ActiveCfg = Release|Any CPU
		{9238CA58-7747-4FBF-9993-1AF94071FD6D}.Release|Any CPU.Build.0 = Release|Any CPU
	EndGlobalSection
	GlobalSection(SolutionProperties) = preSolution
		HideSolutionNode = FALSE
	EndGlobalSection
	GlobalSection(NestedProjects) = preSolution
		{206143BC-AA0B-43C3-B3EE-01B132ABAC1C} = {029BEA0A-FDDC-4DF9-85C1-9A4F05E18278}
		{232E673B-0046-436E-BDE5-59389743B99D} = {75A004BB-5374-4BEE-9722-C54B6C67775A}
		{DADC51C3-CE59-4891-BFA2-3BCAB82DF750} = {65D9B370-1FFC-4A95-A46B-525A0989F9EB}
		{803035AA-73E1-480C-AB6A-91E88CE94FB2} = {D4EBC52F-9235-4366-B659-CE6383DB5462}
		{9238CA58-7747-4FBF-9993-1AF94071FD6D} = {75A004BB-5374-4BEE-9722-C54B6C67775A}
	EndGlobalSection
	GlobalSection(ExtensibilityGlobals) = postSolution
		SolutionGuid = {32836A9C-C054-40A6-B94A-FC143C99D0EE}
	EndGlobalSection
EndGlobal
